
Microsoft Visual Studio Solution File, Format Version 12.00
# Visual Studio 15
VisualStudioVersion = 15.0.27130.2036
MinimumVisualStudioVersion = 10.0.40219.1
Project("{FAE04EC0-301F-11D3-BF4B-00C04F79EFBC}") = "IdentityServer", "IdentityServer\IdentityServer.csproj", "{BE4BADF0-A419-4930-B160-734539A94247}"
EndProject
Project("{FAE04EC0-301F-11D3-BF4B-00C04F79EFBC}") = "API", "API\API.csproj", "{9AD7E0B8-CFEF-480C-A186-D89B2DDD1EA3}"
EndProject
Project("{FAE04EC0-301F-11D3-BF4B-00C04F79EFBC}") = "Client", "Client\Client.csproj", "{D09F8B7C-5B64-4991-9B62-D7D6B5F4C11C}"
EndProject
Global
	GlobalSection(SolutionConfigurationPlatforms) = preSolution
		Debug|Any CPU = Debug|Any CPU
		Release|Any CPU = Release|Any CPU
	EndGlobalSection
	GlobalSection(ProjectConfigurationPlatforms) = postSolution
		{BE4BADF0-A419-4930-B160-734539A94247}.Debug|Any CPU.ActiveCfg = Debug|Any CPU
		{BE4BADF0-A419-4930-B160-734539A94247}.Debug|Any CPU.Build.0 = Debug|Any CPU
		{BE4BADF0-A419-4930-B160-734539A94247}.Release|Any CPU.ActiveCfg = Release|Any CPU
		{BE4BADF0-A419-4930-B160-734539A94247}.Release|Any CPU.Build.0 = Release|Any CPU
		{9AD7E0B8-CFEF-480C-A186-D89B2DDD1EA3}.Debug|Any CPU.ActiveCfg = Debug|Any CPU
		{9AD7E0B8-CFEF-480C-A186-D89B2DDD1EA3}.Debug|Any CPU.Build.0 = Debug|Any CPU
		{9AD7E0B8-CFEF-480C-A186-D89B2DDD1EA3}.Release|Any CPU.ActiveCfg = Release|Any CPU
		{9AD7E0B8-CFEF-480C-A186-D89B2DDD1EA3}.Release|Any CPU.Build.0 = Release|Any CPU
		{D09F8B7C-5B64-4991-9B62-D7D6B5F4C11C}.Debug|Any CPU.ActiveCfg = Debug|Any CPU
		{D09F8B7C-5B64-4991-9B62-D7D6B5F4C11C}.Debug|Any CPU.Build.0 = Debug|Any CPU
		{D09F8B7C-5B64-4991-9B62-D7D6B5F4C11C}.Release|Any CPU.ActiveCfg = Release|Any CPU
		{D09F8B7C-5B64-4991-9B62-D7D6B5F4C11C}.Release|Any CPU.Build.0 = Release|Any CPU
	EndGlobalSection
	GlobalSection(SolutionProperties) = preSolution
		HideSolutionNode = FALSE
	EndGlobalSection
	GlobalSection(ExtensibilityGlobals) = postSolution
		SolutionGuid = {55FCD680-F9ED-4336-82B6-50B6A02347D7}
	EndGlobalSection
EndGlobal
